
Microsoft Visual Studio Solution File, Format Version 12.00
# Visual Studio Version 17
VisualStudioVersion = 17.8.34316.72
MinimumVisualStudioVersion = 10.0.40219.1
Project("{9A19103F-16F7-4668-BE54-9A1E7A4F7556}") = "MelissaCloudAPINuGet", "MelissaCloudAPINuGet\MelissaCloudAPINuGet.csproj", "{6E2D7F01-73D8-4093-B45C-0A44ECECA5E3}"
EndProject
Global
	GlobalSection(SolutionConfigurationPlatforms) = preSolution
		Debug|Any CPU = Debug|Any CPU
		Release|Any CPU = Release|Any CPU
	EndGlobalSection
	GlobalSection(ProjectConfigurationPlatforms) = postSolution
		{6E2D7F01-73D8-4093-B45C-0A44ECECA5E3}.Debug|Any CPU.ActiveCfg = Debug|Any CPU
		{6E2D7F01-73D8-4093-B45C-0A44ECECA5E3}.Debug|Any CPU.Build.0 = Debug|Any CPU
		{6E2D7F01-73D8-4093-B45C-0A44ECECA5E3}.Release|Any CPU.ActiveCfg = Release|Any CPU
		{6E2D7F01-73D8-4093-B45C-0A44ECECA5E3}.Release|Any CPU.Build.0 = Release|Any CPU
	EndGlobalSection
	GlobalSection(SolutionProperties) = preSolution
		HideSolutionNode = FALSE
	EndGlobalSection
	GlobalSection(ExtensibilityGlobals) = postSolution
		SolutionGuid = {674AE10A-9AAF-4022-A2B6-6B0A36086F40}
	EndGlobalSection
EndGlobal
